
Microsoft Visual Studio Solution File, Format Version 12.00
# Visual Studio 14
VisualStudioVersion = 14.0.23107.0
MinimumVisualStudioVersion = 10.0.40219.1
Project("{FAE04EC0-301F-11D3-BF4B-00C04F79EFBC}") = "Phoneword", "Phoneword\Phoneword\Phoneword.csproj", "{EF694EFF-5219-40DD-92A4-912E83143DD4}"
EndProject
Project("{FAE04EC0-301F-11D3-BF4B-00C04F79EFBC}") = "Phoneword.iOS", "Phoneword\Phoneword.iOS\Phoneword.iOS.csproj", "{A0565542-2B1B-4BA2-949A-870602FBD848}"
EndProject
Project("{FAE04EC0-301F-11D3-BF4B-00C04F79EFBC}") = "Phoneword.Droid", "Phoneword\Phoneword.Droid\Phoneword.Droid.csproj", "{77F65C1E-50EC-48BB-89C8-E65130A20F27}"
EndProject
Project("{FAE04EC0-301F-11D3-BF4B-00C04F79EFBC}") = "Phoneword.UWP", "Phoneword/Phoneword.UWP/Phoneword.UWP.csproj", "{CE00505E-C9EA-453B-B6B4-93444D47336A}"
EndProject
Project("{FAE04EC0-301F-11D3-BF4B-00C04F79EFBC}") = "Phoneword.WinPhone", "Phoneword\Phoneword.WinPhone\Phoneword.WinPhone.csproj", "{2A4A2AF7-7595-4775-AB26-88FA203458CA}"
EndProject
Project("{FAE04EC0-301F-11D3-BF4B-00C04F79EFBC}") = "Phoneword.Windows", "Phoneword/Phoneword.Windows/Phoneword.Windows.csproj", "{5B9816F7-F167-439E-AEDE-0CB0D10FB2DA}"
EndProject
Global
	GlobalSection(SolutionConfigurationPlatforms) = preSolution
		Ad-Hoc|Any CPU = Ad-Hoc|Any CPU
		Ad-Hoc|ARM = Ad-Hoc|ARM
		Ad-Hoc|iPhone = Ad-Hoc|iPhone
		Ad-Hoc|iPhoneSimulator = Ad-Hoc|iPhoneSimulator
		Ad-Hoc|x86 = Ad-Hoc|x86
		AppStore|Any CPU = AppStore|Any CPU
		AppStore|ARM = AppStore|ARM
		AppStore|iPhone = AppStore|iPhone
		AppStore|iPhoneSimulator = AppStore|iPhoneSimulator
		AppStore|x86 = AppStore|x86
		Debug|Any CPU = Debug|Any CPU
		Debug|ARM = Debug|ARM
		Debug|iPhone = Debug|iPhone
		Debug|iPhoneSimulator = Debug|iPhoneSimulator
		Debug|x86 = Debug|x86
		Release|Any CPU = Release|Any CPU
		Release|ARM = Release|ARM
		Release|iPhone = Release|iPhone
		Release|iPhoneSimulator = Release|iPhoneSimulator
		Release|x86 = Release|x86
	EndGlobalSection
	GlobalSection(ProjectConfigurationPlatforms) = postSolution
		{77F65C1E-50EC-48BB-89C8-E65130A20F27}.Ad-Hoc|Any CPU.ActiveCfg = Release|Any CPU
		{77F65C1E-50EC-48BB-89C8-E65130A20F27}.Ad-Hoc|Any CPU.Build.0 = Release|Any CPU
		{77F65C1E-50EC-48BB-89C8-E65130A20F27}.Ad-Hoc|Any CPU.Deploy.0 = Release|Any CPU
		{77F65C1E-50EC-48BB-89C8-E65130A20F27}.Ad-Hoc|ARM.ActiveCfg = Release|Any CPU
		{77F65C1E-50EC-48BB-89C8-E65130A20F27}.Ad-Hoc|ARM.Build.0 = Release|Any CPU
		{77F65C1E-50EC-48BB-89C8-E65130A20F27}.Ad-Hoc|ARM.Deploy.0 = Release|Any CPU
		{77F65C1E-50EC-48BB-89C8-E65130A20F27}.Ad-Hoc|iPhone.ActiveCfg = Release|Any CPU
		{77F65C1E-50EC-48BB-89C8-E65130A20F27}.Ad-Hoc|iPhone.Build.0 = Release|Any CPU
		{77F65C1E-50EC-48BB-89C8-E65130A20F27}.Ad-Hoc|iPhone.Deploy.0 = Release|Any CPU
		{77F65C1E-50EC-48BB-89C8-E65130A20F27}.Ad-Hoc|iPhoneSimulator.ActiveCfg = Release|Any CPU
		{77F65C1E-50EC-48BB-89C8-E65130A20F27}.Ad-Hoc|iPhoneSimulator.Build.0 = Release|Any CPU
		{77F65C1E-50EC-48BB-89C8-E65130A20F27}.Ad-Hoc|iPhoneSimulator.Deploy.0 = Release|Any CPU
		{77F65C1E-50EC-48BB-89C8-E65130A20F27}.Ad-Hoc|x64.ActiveCfg = Release|Any CPU
		{77F65C1E-50EC-48BB-89C8-E65130A20F27}.Ad-Hoc|x64.Build.0 = Release|Any CPU
		{77F65C1E-50EC-48BB-89C8-E65130A20F27}.Ad-Hoc|x64.Deploy.0 = Release|Any CPU
		{77F65C1E-50EC-48BB-89C8-E65130A20F27}.Ad-Hoc|x86.ActiveCfg = Release|Any CPU
		{77F65C1E-50EC-48BB-89C8-E65130A20F27}.Ad-Hoc|x86.Build.0 = Release|Any CPU
		{77F65C1E-50EC-48BB-89C8-E65130A20F27}.Ad-Hoc|x86.Deploy.0 = Release|Any CPU
		{77F65C1E-50EC-48BB-89C8-E65130A20F27}.AppStore|Any CPU.ActiveCfg = Release|Any CPU
		{77F65C1E-50EC-48BB-89C8-E65130A20F27}.AppStore|Any CPU.Build.0 = Release|Any CPU
		{77F65C1E-50EC-48BB-89C8-E65130A20F27}.AppStore|Any CPU.Deploy.0 = Release|Any CPU
		{77F65C1E-50EC-48BB-89C8-E65130A20F27}.AppStore|ARM.ActiveCfg = Release|Any CPU
		{77F65C1E-50EC-48BB-89C8-E65130A20F27}.AppStore|ARM.Build.0 = Release|Any CPU
		{77F65C1E-50EC-48BB-89C8-E65130A20F27}.AppStore|ARM.Deploy.0 = Release|Any CPU
		{77F65C1E-50EC-48BB-89C8-E65130A20F27}.AppStore|iPhone.ActiveCfg = Release|Any CPU
		{77F65C1E-50EC-48BB-89C8-E65130A20F27}.AppStore|iPhone.Build.0 = Release|Any CPU
		{77F65C1E-50EC-48BB-89C8-E65130A20F27}.AppStore|iPhone.Deploy.0 = Release|Any CPU
		{77F65C1E-50EC-48BB-89C8-E65130A20F27}.AppStore|iPhoneSimulator.ActiveCfg = Release|Any CPU
		{77F65C1E-50EC-48BB-89C8-E65130A20F27}.AppStore|iPhoneSimulator.Build.0 = Release|Any CPU
		{77F65C1E-50EC-48BB-89C8-E65130A20F27}.AppStore|iPhoneSimulator.Deploy.0 = Release|Any CPU
		{77F65C1E-50EC-48BB-89C8-E65130A20F27}.AppStore|x64.ActiveCfg = Release|Any CPU
		{77F65C1E-50EC-48BB-89C8-E65130A20F27}.AppStore|x64.Build.0 = Release|Any CPU
		{77F65C1E-50EC-48BB-89C8-E65130A20F27}.AppStore|x64.Deploy.0 = Release|Any CPU
		{77F65C1E-50EC-48BB-89C8-E65130A20F27}.AppStore|x86.ActiveCfg = Release|Any CPU
		{77F65C1E-50EC-48BB-89C8-E65130A20F27}.AppStore|x86.Build.0 = Release|Any CPU
		{77F65C1E-50EC-48BB-89C8-E65130A20F27}.AppStore|x86.Deploy.0 = Release|Any CPU
		{77F65C1E-50EC-48BB-89C8-E65130A20F27}.Debug|Any CPU.ActiveCfg = Debug|Any CPU
		{77F65C1E-50EC-48BB-89C8-E65130A20F27}.Debug|Any CPU.Build.0 = Debug|Any CPU
		{77F65C1E-50EC-48BB-89C8-E65130A20F27}.Debug|Any CPU.Deploy.0 = Debug|Any CPU
		{77F65C1E-50EC-48BB-89C8-E65130A20F27}.Debug|ARM.ActiveCfg = Debug|Any CPU
		{77F65C1E-50EC-48BB-89C8-E65130A20F27}.Debug|ARM.Build.0 = Debug|Any CPU
		{77F65C1E-50EC-48BB-89C8-E65130A20F27}.Debug|ARM.Deploy.0 = Debug|Any CPU
		{77F65C1E-50EC-48BB-89C8-E65130A20F27}.Debug|iPhone.ActiveCfg = Debug|Any CPU
		{77F65C1E-50EC-48BB-89C8-E65130A20F27}.Debug|iPhone.Build.0 = Debug|Any CPU
		{77F65C1E-50EC-48BB-89C8-E65130A20F27}.Debug|iPhone.Deploy.0 = Debug|Any CPU
		{77F65C1E-50EC-48BB-89C8-E65130A20F27}.Debug|iPhoneSimulator.ActiveCfg = Debug|Any CPU
		{77F65C1E-50EC-48BB-89C8-E65130A20F27}.Debug|iPhoneSimulator.Build.0 = Debug|Any CPU
		{77F65C1E-50EC-48BB-89C8-E65130A20F27}.Debug|iPhoneSimulator.Deploy.0 = Debug|Any CPU
		{77F65C1E-50EC-48BB-89C8-E65130A20F27}.Debug|x64.ActiveCfg = Debug|Any CPU
		{77F65C1E-50EC-48BB-89C8-E65130A20F27}.Debug|x64.Build.0 = Debug|Any CPU
		{77F65C1E-50EC-48BB-89C8-E65130A20F27}.Debug|x64.Deploy.0 = Debug|Any CPU
		{77F65C1E-50EC-48BB-89C8-E65130A20F27}.Debug|x86.ActiveCfg = Debug|Any CPU
		{77F65C1E-50EC-48BB-89C8-E65130A20F27}.Debug|x86.Build.0 = Debug|Any CPU
		{77F65C1E-50EC-48BB-89C8-E65130A20F27}.Debug|x86.Deploy.0 = Debug|Any CPU
		{77F65C1E-50EC-48BB-89C8-E65130A20F27}.Release|Any CPU.ActiveCfg = Release|Any CPU
		{77F65C1E-50EC-48BB-89C8-E65130A20F27}.Release|Any CPU.Build.0 = Release|Any CPU
		{77F65C1E-50EC-48BB-89C8-E65130A20F27}.Release|Any CPU.Deploy.0 = Release|Any CPU
		{77F65C1E-50EC-48BB-89C8-E65130A20F27}.Release|ARM.ActiveCfg = Release|Any CPU
		{77F65C1E-50EC-48BB-89C8-E65130A20F27}.Release|ARM.Build.0 = Release|Any CPU
		{77F65C1E-50EC-48BB-89C8-E65130A20F27}.Release|ARM.Deploy.0 = Release|Any CPU
		{77F65C1E-50EC-48BB-89C8-E65130A20F27}.Release|iPhone.ActiveCfg = Release|Any CPU
		{77F65C1E-50EC-48BB-89C8-E65130A20F27}.Release|iPhone.Build.0 = Release|Any CPU
		{77F65C1E-50EC-48BB-89C8-E65130A20F27}.Release|iPhone.Deploy.0 = Release|Any CPU
		{77F65C1E-50EC-48BB-89C8-E65130A20F27}.Release|iPhoneSimulator.ActiveCfg = Release|Any CPU
		{77F65C1E-50EC-48BB-89C8-E65130A20F27}.Release|iPhoneSimulator.Build.0 = Release|Any CPU
		{77F65C1E-50EC-48BB-89C8-E65130A20F27}.Release|iPhoneSimulator.Deploy.0 = Release|Any CPU
		{77F65C1E-50EC-48BB-89C8-E65130A20F27}.Release|x64.ActiveCfg = Release|Any CPU
		{77F65C1E-50EC-48BB-89C8-E65130A20F27}.Release|x64.Build.0 = Release|Any CPU
		{77F65C1E-50EC-48BB-89C8-E65130A20F27}.Release|x64.Deploy.0 = Release|Any CPU
		{77F65C1E-50EC-48BB-89C8-E65130A20F27}.Release|x86.ActiveCfg = Release|Any CPU
		{77F65C1E-50EC-48BB-89C8-E65130A20F27}.Release|x86.Build.0 = Release|Any CPU
		{77F65C1E-50EC-48BB-89C8-E65130A20F27}.Release|x86.Deploy.0 = Release|Any CPU
		{A0565542-2B1B-4BA2-949A-870602FBD848}.Ad-Hoc|Any CPU.ActiveCfg = Ad-Hoc|iPhone
		{A0565542-2B1B-4BA2-949A-870602FBD848}.Ad-Hoc|Any CPU.Build.0 = Ad-Hoc|iPhone
		{A0565542-2B1B-4BA2-949A-870602FBD848}.Ad-Hoc|ARM.ActiveCfg = Ad-Hoc|iPhone
		{A0565542-2B1B-4BA2-949A-870602FBD848}.Ad-Hoc|iPhone.ActiveCfg = Ad-Hoc|iPhone
		{A0565542-2B1B-4BA2-949A-870602FBD848}.Ad-Hoc|iPhone.Build.0 = Ad-Hoc|iPhone
		{A0565542-2B1B-4BA2-949A-870602FBD848}.Ad-Hoc|iPhoneSimulator.ActiveCfg = Ad-Hoc|iPhoneSimulator
		{A0565542-2B1B-4BA2-949A-870602FBD848}.Ad-Hoc|iPhoneSimulator.Build.0 = Ad-Hoc|iPhoneSimulator
		{A0565542-2B1B-4BA2-949A-870602FBD848}.Ad-Hoc|x64.ActiveCfg = Ad-Hoc|iPhoneSimulator
		{A0565542-2B1B-4BA2-949A-870602FBD848}.Ad-Hoc|x86.ActiveCfg = Ad-Hoc|iPhone
		{A0565542-2B1B-4BA2-949A-870602FBD848}.AppStore|Any CPU.ActiveCfg = AppStore|iPhone
		{A0565542-2B1B-4BA2-949A-870602FBD848}.AppStore|Any CPU.Build.0 = AppStore|iPhone
		{A0565542-2B1B-4BA2-949A-870602FBD848}.AppStore|ARM.ActiveCfg = AppStore|iPhone
		{A0565542-2B1B-4BA2-949A-870602FBD848}.AppStore|iPhone.ActiveCfg = AppStore|iPhone
		{A0565542-2B1B-4BA2-949A-870602FBD848}.AppStore|iPhone.Build.0 = AppStore|iPhone
		{A0565542-2B1B-4BA2-949A-870602FBD848}.AppStore|iPhoneSimulator.ActiveCfg = AppStore|iPhoneSimulator
		{A0565542-2B1B-4BA2-949A-870602FBD848}.AppStore|iPhoneSimulator.Build.0 = AppStore|iPhoneSimulator
		{A0565542-2B1B-4BA2-949A-870602FBD848}.AppStore|x64.ActiveCfg = AppStore|iPhoneSimulator
		{A0565542-2B1B-4BA2-949A-870602FBD848}.AppStore|x86.ActiveCfg = AppStore|iPhone
		{A0565542-2B1B-4BA2-949A-870602FBD848}.Debug|Any CPU.ActiveCfg = Debug|iPhone
		{A0565542-2B1B-4BA2-949A-870602FBD848}.Debug|Any CPU.Build.0 = Debug|iPhone
		{A0565542-2B1B-4BA2-949A-870602FBD848}.Debug|ARM.ActiveCfg = Debug|iPhone
		{A0565542-2B1B-4BA2-949A-870602FBD848}.Debug|iPhone.ActiveCfg = Debug|iPhone
		{A0565542-2B1B-4BA2-949A-870602FBD848}.Debug|iPhone.Build.0 = Debug|iPhone
		{A0565542-2B1B-4BA2-949A-870602FBD848}.Debug|iPhoneSimulator.ActiveCfg = Debug|iPhoneSimulator
		{A0565542-2B1B-4BA2-949A-870602FBD848}.Debug|iPhoneSimulator.Build.0 = Debug|iPhoneSimulator
		{A0565542-2B1B-4BA2-949A-870602FBD848}.Debug|x64.ActiveCfg = Debug|iPhoneSimulator
		{A0565542-2B1B-4BA2-949A-870602FBD848}.Debug|x86.ActiveCfg = Debug|iPhone
		{A0565542-2B1B-4BA2-949A-870602FBD848}.Release|Any CPU.ActiveCfg = Release|iPhone
		{A0565542-2B1B-4BA2-949A-870602FBD848}.Release|Any CPU.Build.0 = Release|iPhone
		{A0565542-2B1B-4BA2-949A-870602FBD848}.Release|ARM.ActiveCfg = Release|iPhone
		{A0565542-2B1B-4BA2-949A-870602FBD848}.Release|iPhone.ActiveCfg = Release|iPhone
		{A0565542-2B1B-4BA2-949A-870602FBD848}.Release|iPhone.Build.0 = Release|iPhone
		{A0565542-2B1B-4BA2-949A-870602FBD848}.Release|iPhoneSimulator.ActiveCfg = Release|iPhoneSimulator
		{A0565542-2B1B-4BA2-949A-870602FBD848}.Release|iPhoneSimulator.Build.0 = Release|iPhoneSimulator
		{A0565542-2B1B-4BA2-949A-870602FBD848}.Release|x64.ActiveCfg = Release|iPhoneSimulator
		{A0565542-2B1B-4BA2-949A-870602FBD848}.Release|x86.ActiveCfg = Release|iPhone
		{EF694EFF-5219-40DD-92A4-912E83143DD4}.Ad-Hoc|Any CPU.ActiveCfg = Release|Any CPU
		{EF694EFF-5219-40DD-92A4-912E83143DD4}.Ad-Hoc|Any CPU.Build.0 = Release|Any CPU
		{EF694EFF-5219-40DD-92A4-912E83143DD4}.Ad-Hoc|ARM.ActiveCfg = Release|Any CPU
		{EF694EFF-5219-40DD-92A4-912E83143DD4}.Ad-Hoc|ARM.Build.0 = Release|Any CPU
		{EF694EFF-5219-40DD-92A4-912E83143DD4}.Ad-Hoc|iPhone.ActiveCfg = Release|Any CPU
		{EF694EFF-5219-40DD-92A4-912E83143DD4}.Ad-Hoc|iPhone.Build.0 = Release|Any CPU
		{EF694EFF-5219-40DD-92A4-912E83143DD4}.Ad-Hoc|iPhoneSimulator.ActiveCfg = Release|Any CPU
		{EF694EFF-5219-40DD-92A4-912E83143DD4}.Ad-Hoc|iPhoneSimulator.Build.0 = Release|Any CPU
		{EF694EFF-5219-40DD-92A4-912E83143DD4}.Ad-Hoc|x64.ActiveCfg = Release|Any CPU
		{EF694EFF-5219-40DD-92A4-912E83143DD4}.Ad-Hoc|x64.Build.0 = Release|Any CPU
		{EF694EFF-5219-40DD-92A4-912E83143DD4}.Ad-Hoc|x86.ActiveCfg = Release|Any CPU
		{EF694EFF-5219-40DD-92A4-912E83143DD4}.Ad-Hoc|x86.Build.0 = Release|Any CPU
		{EF694EFF-5219-40DD-92A4-912E83143DD4}.AppStore|Any CPU.ActiveCfg = Release|Any CPU
		{EF694EFF-5219-40DD-92A4-912E83143DD4}.AppStore|Any CPU.Build.0 = Release|Any CPU
		{EF694EFF-5219-40DD-92A4-912E83143DD4}.AppStore|ARM.ActiveCfg = Release|Any CPU
		{EF694EFF-5219-40DD-92A4-912E83143DD4}.AppStore|ARM.Build.0 = Release|Any CPU
		{EF694EFF-5219-40DD-92A4-912E83143DD4}.AppStore|iPhone.ActiveCfg = Release|Any CPU
		{EF694EFF-5219-40DD-92A4-912E83143DD4}.AppStore|iPhone.Build.0 = Release|Any CPU
		{EF694EFF-5219-40DD-92A4-912E83143DD4}.AppStore|iPhoneSimulator.ActiveCfg = Release|Any CPU
		{EF694EFF-5219-40DD-92A4-912E83143DD4}.AppStore|iPhoneSimulator.Build.0 = Release|Any CPU
		{EF694EFF-5219-40DD-92A4-912E83143DD4}.AppStore|x64.ActiveCfg = Release|Any CPU
		{EF694EFF-5219-40DD-92A4-912E83143DD4}.AppStore|x64.Build.0 = Release|Any CPU
		{EF694EFF-5219-40DD-92A4-912E83143DD4}.AppStore|x86.ActiveCfg = Release|Any CPU
		{EF694EFF-5219-40DD-92A4-912E83143DD4}.AppStore|x86.Build.0 = Release|Any CPU
		{EF694EFF-5219-40DD-92A4-912E83143DD4}.Debug|Any CPU.ActiveCfg = Debug|Any CPU
		{EF694EFF-5219-40DD-92A4-912E83143DD4}.Debug|Any CPU.Build.0 = Debug|Any CPU
		{EF694EFF-5219-40DD-92A4-912E83143DD4}.Debug|ARM.ActiveCfg = Debug|Any CPU
		{EF694EFF-5219-40DD-92A4-912E83143DD4}.Debug|ARM.Build.0 = Debug|Any CPU
		{EF694EFF-5219-40DD-92A4-912E83143DD4}.Debug|iPhone.ActiveCfg = Debug|Any CPU
		{EF694EFF-5219-40DD-92A4-912E83143DD4}.Debug|iPhone.Build.0 = Debug|Any CPU
		{EF694EFF-5219-40DD-92A4-912E83143DD4}.Debug|iPhoneSimulator.ActiveCfg = Debug|Any CPU
		{EF694EFF-5219-40DD-92A4-912E83143DD4}.Debug|iPhoneSimulator.Build.0 = Debug|Any CPU
		{EF694EFF-5219-40DD-92A4-912E83143DD4}.Debug|x64.ActiveCfg = Debug|Any CPU
		{EF694EFF-5219-40DD-92A4-912E83143DD4}.Debug|x64.Build.0 = Debug|Any CPU
		{EF694EFF-5219-40DD-92A4-912E83143DD4}.Debug|x86.ActiveCfg = Debug|Any CPU
		{EF694EFF-5219-40DD-92A4-912E83143DD4}.Debug|x86.Build.0 = Debug|Any CPU
		{EF694EFF-5219-40DD-92A4-912E83143DD4}.Release|Any CPU.ActiveCfg = Release|Any CPU
		{EF694EFF-5219-40DD-92A4-912E83143DD4}.Release|Any CPU.Build.0 = Release|Any CPU
		{EF694EFF-5219-40DD-92A4-912E83143DD4}.Release|ARM.ActiveCfg = Release|Any CPU
		{EF694EFF-5219-40DD-92A4-912E83143DD4}.Release|ARM.Build.0 = Release|Any CPU
		{EF694EFF-5219-40DD-92A4-912E83143DD4}.Release|iPhone.ActiveCfg = Release|Any CPU
		{EF694EFF-5219-40DD-92A4-912E83143DD4}.Release|iPhone.Build.0 = Release|Any CPU
		{EF694EFF-5219-40DD-92A4-912E83143DD4}.Release|iPhoneSimulator.ActiveCfg = Release|Any CPU
		{EF694EFF-5219-40DD-92A4-912E83143DD4}.Release|iPhoneSimulator.Build.0 = Release|Any CPU
		{EF694EFF-5219-40DD-92A4-912E83143DD4}.Release|x64.ActiveCfg = Release|Any CPU
		{EF694EFF-5219-40DD-92A4-912E83143DD4}.Release|x64.Build.0 = Release|Any CPU
		{EF694EFF-5219-40DD-92A4-912E83143DD4}.Release|x86.ActiveCfg = Release|Any CPU
		{EF694EFF-5219-40DD-92A4-912E83143DD4}.Release|x86.Build.0 = Release|Any CPU
		{CE00505E-C9EA-453B-B6B4-93444D47336A}.Ad-Hoc|Any CPU.ActiveCfg = Release|x86
		{CE00505E-C9EA-453B-B6B4-93444D47336A}.Ad-Hoc|Any CPU.Build.0 = Release|x86
		{CE00505E-C9EA-453B-B6B4-93444D47336A}.Ad-Hoc|Any CPU.Deploy.0 = Release|x86
		{CE00505E-C9EA-453B-B6B4-93444D47336A}.Ad-Hoc|ARM.ActiveCfg = Release|ARM
		{CE00505E-C9EA-453B-B6B4-93444D47336A}.Ad-Hoc|ARM.Build.0 = Release|ARM
		{CE00505E-C9EA-453B-B6B4-93444D47336A}.Ad-Hoc|ARM.Deploy.0 = Release|ARM
		{CE00505E-C9EA-453B-B6B4-93444D47336A}.Ad-Hoc|iPhone.ActiveCfg = Release|x86
		{CE00505E-C9EA-453B-B6B4-93444D47336A}.Ad-Hoc|iPhone.Build.0 = Release|x86
		{CE00505E-C9EA-453B-B6B4-93444D47336A}.Ad-Hoc|iPhone.Deploy.0 = Release|x86
		{CE00505E-C9EA-453B-B6B4-93444D47336A}.Ad-Hoc|iPhoneSimulator.ActiveCfg = Release|x86
		{CE00505E-C9EA-453B-B6B4-93444D47336A}.Ad-Hoc|iPhoneSimulator.Build.0 = Release|x86
		{CE00505E-C9EA-453B-B6B4-93444D47336A}.Ad-Hoc|iPhoneSimulator.Deploy.0 = Release|x86
		{CE00505E-C9EA-453B-B6B4-93444D47336A}.Ad-Hoc|x64.ActiveCfg = Release|x64
		{CE00505E-C9EA-453B-B6B4-93444D47336A}.Ad-Hoc|x64.Build.0 = Release|x64
		{CE00505E-C9EA-453B-B6B4-93444D47336A}.Ad-Hoc|x64.Deploy.0 = Release|x64
		{CE00505E-C9EA-453B-B6B4-93444D47336A}.Ad-Hoc|x86.ActiveCfg = Release|x86
		{CE00505E-C9EA-453B-B6B4-93444D47336A}.Ad-Hoc|x86.Build.0 = Release|x86
		{CE00505E-C9EA-453B-B6B4-93444D47336A}.Ad-Hoc|x86.Deploy.0 = Release|x86
		{CE00505E-C9EA-453B-B6B4-93444D47336A}.AppStore|Any CPU.ActiveCfg = Release|x86
		{CE00505E-C9EA-453B-B6B4-93444D47336A}.AppStore|Any CPU.Build.0 = Release|x86
		{CE00505E-C9EA-453B-B6B4-93444D47336A}.AppStore|Any CPU.Deploy.0 = Release|x86
		{CE00505E-C9EA-453B-B6B4-93444D47336A}.AppStore|ARM.ActiveCfg = Release|ARM
		{CE00505E-C9EA-453B-B6B4-93444D47336A}.AppStore|ARM.Build.0 = Release|ARM
		{CE00505E-C9EA-453B-B6B4-93444D47336A}.AppStore|ARM.Deploy.0 = Release|ARM
		{CE00505E-C9EA-453B-B6B4-93444D47336A}.AppStore|iPhone.ActiveCfg = Release|x86
		{CE00505E-C9EA-453B-B6B4-93444D47336A}.AppStore|iPhone.Build.0 = Release|x86
		{CE00505E-C9EA-453B-B6B4-93444D47336A}.AppStore|iPhone.Deploy.0 = Release|x86
		{CE00505E-C9EA-453B-B6B4-93444D47336A}.AppStore|iPhoneSimulator.ActiveCfg = Release|x86
		{CE00505E-C9EA-453B-B6B4-93444D47336A}.AppStore|iPhoneSimulator.Build.0 = Release|x86
		{CE00505E-C9EA-453B-B6B4-93444D47336A}.AppStore|iPhoneSimulator.Deploy.0 = Release|x86
		{CE00505E-C9EA-453B-B6B4-93444D47336A}.AppStore|x64.ActiveCfg = Release|x64
		{CE00505E-C9EA-453B-B6B4-93444D47336A}.AppStore|x64.Build.0 = Release|x64
		{CE00505E-C9EA-453B-B6B4-93444D47336A}.AppStore|x64.Deploy.0 = Release|x64
		{CE00505E-C9EA-453B-B6B4-93444D47336A}.AppStore|x86.ActiveCfg = Release|x86
		{CE00505E-C9EA-453B-B6B4-93444D47336A}.AppStore|x86.Build.0 = Release|x86
		{CE00505E-C9EA-453B-B6B4-93444D47336A}.AppStore|x86.Deploy.0 = Release|x86
		{CE00505E-C9EA-453B-B6B4-93444D47336A}.Debug|Any CPU.ActiveCfg = Debug|x86
		{CE00505E-C9EA-453B-B6B4-93444D47336A}.Debug|Any CPU.Build.0 = Debug|x86
		{CE00505E-C9EA-453B-B6B4-93444D47336A}.Debug|Any CPU.Deploy.0 = Debug|x86
		{CE00505E-C9EA-453B-B6B4-93444D47336A}.Debug|ARM.ActiveCfg = Debug|ARM
		{CE00505E-C9EA-453B-B6B4-93444D47336A}.Debug|ARM.Build.0 = Debug|ARM
		{CE00505E-C9EA-453B-B6B4-93444D47336A}.Debug|ARM.Deploy.0 = Debug|ARM
		{CE00505E-C9EA-453B-B6B4-93444D47336A}.Debug|iPhone.ActiveCfg = Debug|x86
		{CE00505E-C9EA-453B-B6B4-93444D47336A}.Debug|iPhone.Build.0 = Debug|x86
		{CE00505E-C9EA-453B-B6B4-93444D47336A}.Debug|iPhone.Deploy.0 = Debug|x86
		{CE00505E-C9EA-453B-B6B4-93444D47336A}.Debug|iPhoneSimulator.ActiveCfg = Debug|x86
		{CE00505E-C9EA-453B-B6B4-93444D47336A}.Debug|iPhoneSimulator.Build.0 = Debug|x86
		{CE00505E-C9EA-453B-B6B4-93444D47336A}.Debug|iPhoneSimulator.Deploy.0 = Debug|x86
		{CE00505E-C9EA-453B-B6B4-93444D47336A}.Debug|x64.ActiveCfg = Debug|x64
		{CE00505E-C9EA-453B-B6B4-93444D47336A}.Debug|x64.Build.0 = Debug|x64
		{CE00505E-C9EA-453B-B6B4-93444D47336A}.Debug|x64.Deploy.0 = Debug|x64
		{CE00505E-C9EA-453B-B6B4-93444D47336A}.Debug|x86.ActiveCfg = Debug|x86
		{CE00505E-C9EA-453B-B6B4-93444D47336A}.Debug|x86.Build.0 = Debug|x86
		{CE00505E-C9EA-453B-B6B4-93444D47336A}.Debug|x86.Deploy.0 = Debug|x86
		{CE00505E-C9EA-453B-B6B4-93444D47336A}.Release|Any CPU.ActiveCfg = Release|x86
		{CE00505E-C9EA-453B-B6B4-93444D47336A}.Release|Any CPU.Build.0 = Release|x86
		{CE00505E-C9EA-453B-B6B4-93444D47336A}.Release|Any CPU.Deploy.0 = Release|x86
		{CE00505E-C9EA-453B-B6B4-93444D47336A}.Release|ARM.ActiveCfg = Release|ARM
		{CE00505E-C9EA-453B-B6B4-93444D47336A}.Release|ARM.Build.0 = Release|ARM
		{CE00505E-C9EA-453B-B6B4-93444D47336A}.Release|ARM.Deploy.0 = Release|ARM
		{CE00505E-C9EA-453B-B6B4-93444D47336A}.Release|iPhone.ActiveCfg = Release|x86
		{CE00505E-C9EA-453B-B6B4-93444D47336A}.Release|iPhone.Build.0 = Release|x86
		{CE00505E-C9EA-453B-B6B4-93444D47336A}.Release|iPhone.Deploy.0 = Release|x86
		{CE00505E-C9EA-453B-B6B4-93444D47336A}.Release|iPhoneSimulator.ActiveCfg = Release|x86
		{CE00505E-C9EA-453B-B6B4-93444D47336A}.Release|iPhoneSimulator.Build.0 = Release|x86
		{CE00505E-C9EA-453B-B6B4-93444D47336A}.Release|iPhoneSimulator.Deploy.0 = Release|x86
		{CE00505E-C9EA-453B-B6B4-93444D47336A}.Release|x64.ActiveCfg = Release|x64
		{CE00505E-C9EA-453B-B6B4-93444D47336A}.Release|x64.Build.0 = Release|x64
		{CE00505E-C9EA-453B-B6B4-93444D47336A}.Release|x64.Deploy.0 = Release|x64
		{CE00505E-C9EA-453B-B6B4-93444D47336A}.Release|x86.ActiveCfg = Release|x86
		{CE00505E-C9EA-453B-B6B4-93444D47336A}.Release|x86.Build.0 = Release|x86
		{CE00505E-C9EA-453B-B6B4-93444D47336A}.Release|x86.Deploy.0 = Release|x86
		{2A4A2AF7-7595-4775-AB26-88FA203458CA}.Ad-Hoc|Any CPU.ActiveCfg = Release|Any CPU
		{2A4A2AF7-7595-4775-AB26-88FA203458CA}.Ad-Hoc|Any CPU.Build.0 = Release|Any CPU
		{2A4A2AF7-7595-4775-AB26-88FA203458CA}.Ad-Hoc|Any CPU.Deploy.0 = Release|Any CPU
		{2A4A2AF7-7595-4775-AB26-88FA203458CA}.Ad-Hoc|ARM.ActiveCfg = Release|ARM
		{2A4A2AF7-7595-4775-AB26-88FA203458CA}.Ad-Hoc|ARM.Build.0 = Release|ARM
		{2A4A2AF7-7595-4775-AB26-88FA203458CA}.Ad-Hoc|ARM.Deploy.0 = Release|ARM
		{2A4A2AF7-7595-4775-AB26-88FA203458CA}.Ad-Hoc|iPhone.ActiveCfg = Release|Any CPU
		{2A4A2AF7-7595-4775-AB26-88FA203458CA}.Ad-Hoc|iPhone.Build.0 = Release|Any CPU
		{2A4A2AF7-7595-4775-AB26-88FA203458CA}.Ad-Hoc|iPhone.Deploy.0 = Release|Any CPU
		{2A4A2AF7-7595-4775-AB26-88FA203458CA}.Ad-Hoc|iPhoneSimulator.ActiveCfg = Release|Any CPU
		{2A4A2AF7-7595-4775-AB26-88FA203458CA}.Ad-Hoc|iPhoneSimulator.Build.0 = Release|Any CPU
		{2A4A2AF7-7595-4775-AB26-88FA203458CA}.Ad-Hoc|iPhoneSimulator.Deploy.0 = Release|Any CPU
		{2A4A2AF7-7595-4775-AB26-88FA203458CA}.Ad-Hoc|x64.ActiveCfg = Release|Any CPU
		{2A4A2AF7-7595-4775-AB26-88FA203458CA}.Ad-Hoc|x64.Build.0 = Release|Any CPU
		{2A4A2AF7-7595-4775-AB26-88FA203458CA}.Ad-Hoc|x64.Deploy.0 = Release|Any CPU
		{2A4A2AF7-7595-4775-AB26-88FA203458CA}.Ad-Hoc|x86.ActiveCfg = Release|x86
		{2A4A2AF7-7595-4775-AB26-88FA203458CA}.Ad-Hoc|x86.Build.0 = Release|x86
		{2A4A2AF7-7595-4775-AB26-88FA203458CA}.Ad-Hoc|x86.Deploy.0 = Release|x86
		{2A4A2AF7-7595-4775-AB26-88FA203458CA}.AppStore|Any CPU.ActiveCfg = Release|Any CPU
		{2A4A2AF7-7595-4775-AB26-88FA203458CA}.AppStore|Any CPU.Build.0 = Release|Any CPU
		{2A4A2AF7-7595-4775-AB26-88FA203458CA}.AppStore|Any CPU.Deploy.0 = Release|Any CPU
		{2A4A2AF7-7595-4775-AB26-88FA203458CA}.AppStore|ARM.ActiveCfg = Release|ARM
		{2A4A2AF7-7595-4775-AB26-88FA203458CA}.AppStore|ARM.Build.0 = Release|ARM
		{2A4A2AF7-7595-4775-AB26-88FA203458CA}.AppStore|ARM.Deploy.0 = Release|ARM
		{2A4A2AF7-7595-4775-AB26-88FA203458CA}.AppStore|iPhone.ActiveCfg = Release|Any CPU
		{2A4A2AF7-7595-4775-AB26-88FA203458CA}.AppStore|iPhone.Build.0 = Release|Any CPU
		{2A4A2AF7-7595-4775-AB26-88FA203458CA}.AppStore|iPhone.Deploy.0 = Release|Any CPU
		{2A4A2AF7-7595-4775-AB26-88FA203458CA}.AppStore|iPhoneSimulator.ActiveCfg = Release|Any CPU
		{2A4A2AF7-7595-4775-AB26-88FA203458CA}.AppStore|iPhoneSimulator.Build.0 = Release|Any CPU
		{2A4A2AF7-7595-4775-AB26-88FA203458CA}.AppStore|iPhoneSimulator.Deploy.0 = Release|Any CPU
		{2A4A2AF7-7595-4775-AB26-88FA203458CA}.AppStore|x64.ActiveCfg = Release|Any CPU
		{2A4A2AF7-7595-4775-AB26-88FA203458CA}.AppStore|x64.Build.0 = Release|Any CPU
		{2A4A2AF7-7595-4775-AB26-88FA203458CA}.AppStore|x64.Deploy.0 = Release|Any CPU
		{2A4A2AF7-7595-4775-AB26-88FA203458CA}.AppStore|x86.ActiveCfg = Release|x86
		{2A4A2AF7-7595-4775-AB26-88FA203458CA}.AppStore|x86.Build.0 = Release|x86
		{2A4A2AF7-7595-4775-AB26-88FA203458CA}.AppStore|x86.Deploy.0 = Release|x86
		{2A4A2AF7-7595-4775-AB26-88FA203458CA}.Debug|Any CPU.ActiveCfg = Debug|Any CPU
		{2A4A2AF7-7595-4775-AB26-88FA203458CA}.Debug|Any CPU.Build.0 = Debug|Any CPU
		{2A4A2AF7-7595-4775-AB26-88FA203458CA}.Debug|Any CPU.Deploy.0 = Debug|Any CPU
		{2A4A2AF7-7595-4775-AB26-88FA203458CA}.Debug|ARM.ActiveCfg = Debug|ARM
		{2A4A2AF7-7595-4775-AB26-88FA203458CA}.Debug|ARM.Build.0 = Debug|ARM
		{2A4A2AF7-7595-4775-AB26-88FA203458CA}.Debug|ARM.Deploy.0 = Debug|ARM
		{2A4A2AF7-7595-4775-AB26-88FA203458CA}.Debug|iPhone.ActiveCfg = Debug|Any CPU
		{2A4A2AF7-7595-4775-AB26-88FA203458CA}.Debug|iPhone.Build.0 = Debug|Any CPU
		{2A4A2AF7-7595-4775-AB26-88FA203458CA}.Debug|iPhone.Deploy.0 = Debug|Any CPU
		{2A4A2AF7-7595-4775-AB26-88FA203458CA}.Debug|iPhoneSimulator.ActiveCfg = Debug|Any CPU
		{2A4A2AF7-7595-4775-AB26-88FA203458CA}.Debug|iPhoneSimulator.Build.0 = Debug|Any CPU
		{2A4A2AF7-7595-4775-AB26-88FA203458CA}.Debug|iPhoneSimulator.Deploy.0 = Debug|Any CPU
		{2A4A2AF7-7595-4775-AB26-88FA203458CA}.Debug|x64.ActiveCfg = Debug|Any CPU
		{2A4A2AF7-7595-4775-AB26-88FA203458CA}.Debug|x64.Build.0 = Debug|Any CPU
		{2A4A2AF7-7595-4775-AB26-88FA203458CA}.Debug|x64.Deploy.0 = Debug|Any CPU
		{2A4A2AF7-7595-4775-AB26-88FA203458CA}.Debug|x86.ActiveCfg = Debug|x86
		{2A4A2AF7-7595-4775-AB26-88FA203458CA}.Debug|x86.Build.0 = Debug|x86
		{2A4A2AF7-7595-4775-AB26-88FA203458CA}.Debug|x86.Deploy.0 = Debug|x86
		{2A4A2AF7-7595-4775-AB26-88FA203458CA}.Release|Any CPU.ActiveCfg = Release|Any CPU
		{2A4A2AF7-7595-4775-AB26-88FA203458CA}.Release|Any CPU.Build.0 = Release|Any CPU
		{2A4A2AF7-7595-4775-AB26-88FA203458CA}.Release|Any CPU.Deploy.0 = Release|Any CPU
		{2A4A2AF7-7595-4775-AB26-88FA203458CA}.Release|ARM.ActiveCfg = Release|ARM
		{2A4A2AF7-7595-4775-AB26-88FA203458CA}.Release|ARM.Build.0 = Release|ARM
		{2A4A2AF7-7595-4775-AB26-88FA203458CA}.Release|ARM.Deploy.0 = Release|ARM
		{2A4A2AF7-7595-4775-AB26-88FA203458CA}.Release|iPhone.ActiveCfg = Release|Any CPU
		{2A4A2AF7-7595-4775-AB26-88FA203458CA}.Release|iPhone.Build.0 = Release|Any CPU
		{2A4A2AF7-7595-4775-AB26-88FA203458CA}.Release|iPhone.Deploy.0 = Release|Any CPU
		{2A4A2AF7-7595-4775-AB26-88FA203458CA}.Release|iPhoneSimulator.ActiveCfg = Release|Any CPU
		{2A4A2AF7-7595-4775-AB26-88FA203458CA}.Release|iPhoneSimulator.Build.0 = Release|Any CPU
		{2A4A2AF7-7595-4775-AB26-88FA203458CA}.Release|iPhoneSimulator.Deploy.0 = Release|Any CPU
		{2A4A2AF7-7595-4775-AB26-88FA203458CA}.Release|x64.ActiveCfg = Release|Any CPU
		{2A4A2AF7-7595-4775-AB26-88FA203458CA}.Release|x64.Build.0 = Release|Any CPU
		{2A4A2AF7-7595-4775-AB26-88FA203458CA}.Release|x64.Deploy.0 = Release|Any CPU
		{2A4A2AF7-7595-4775-AB26-88FA203458CA}.Release|x86.ActiveCfg = Release|x86
		{2A4A2AF7-7595-4775-AB26-88FA203458CA}.Release|x86.Build.0 = Release|x86
		{2A4A2AF7-7595-4775-AB26-88FA203458CA}.Release|x86.Deploy.0 = Release|x86
		{5B9816F7-F167-439E-AEDE-0CB0D10FB2DA}.Ad-Hoc|Any CPU.ActiveCfg = Release|Any CPU
		{5B9816F7-F167-439E-AEDE-0CB0D10FB2DA}.Ad-Hoc|Any CPU.Build.0 = Release|Any CPU
		{5B9816F7-F167-439E-AEDE-0CB0D10FB2DA}.Ad-Hoc|Any CPU.Deploy.0 = Release|Any CPU
		{5B9816F7-F167-439E-AEDE-0CB0D10FB2DA}.Ad-Hoc|ARM.ActiveCfg = Release|ARM
		{5B9816F7-F167-439E-AEDE-0CB0D10FB2DA}.Ad-Hoc|ARM.Build.0 = Release|ARM
		{5B9816F7-F167-439E-AEDE-0CB0D10FB2DA}.Ad-Hoc|ARM.Deploy.0 = Release|ARM
		{5B9816F7-F167-439E-AEDE-0CB0D10FB2DA}.Ad-Hoc|iPhone.ActiveCfg = Release|Any CPU
		{5B9816F7-F167-439E-AEDE-0CB0D10FB2DA}.Ad-Hoc|iPhone.Build.0 = Release|Any CPU
		{5B9816F7-F167-439E-AEDE-0CB0D10FB2DA}.Ad-Hoc|iPhone.Deploy.0 = Release|Any CPU
		{5B9816F7-F167-439E-AEDE-0CB0D10FB2DA}.Ad-Hoc|iPhoneSimulator.ActiveCfg = Release|Any CPU
		{5B9816F7-F167-439E-AEDE-0CB0D10FB2DA}.Ad-Hoc|iPhoneSimulator.Build.0 = Release|Any CPU
		{5B9816F7-F167-439E-AEDE-0CB0D10FB2DA}.Ad-Hoc|iPhoneSimulator.Deploy.0 = Release|Any CPU
		{5B9816F7-F167-439E-AEDE-0CB0D10FB2DA}.Ad-Hoc|x64.ActiveCfg = Release|x64
		{5B9816F7-F167-439E-AEDE-0CB0D10FB2DA}.Ad-Hoc|x64.Build.0 = Release|x64
		{5B9816F7-F167-439E-AEDE-0CB0D10FB2DA}.Ad-Hoc|x64.Deploy.0 = Release|x64
		{5B9816F7-F167-439E-AEDE-0CB0D10FB2DA}.Ad-Hoc|x86.ActiveCfg = Release|x86
		{5B9816F7-F167-439E-AEDE-0CB0D10FB2DA}.Ad-Hoc|x86.Build.0 = Release|x86
		{5B9816F7-F167-439E-AEDE-0CB0D10FB2DA}.Ad-Hoc|x86.Deploy.0 = Release|x86
		{5B9816F7-F167-439E-AEDE-0CB0D10FB2DA}.AppStore|Any CPU.ActiveCfg = Release|Any CPU
		{5B9816F7-F167-439E-AEDE-0CB0D10FB2DA}.AppStore|Any CPU.Build.0 = Release|Any CPU
		{5B9816F7-F167-439E-AEDE-0CB0D10FB2DA}.AppStore|Any CPU.Deploy.0 = Release|Any CPU
		{5B9816F7-F167-439E-AEDE-0CB0D10FB2DA}.AppStore|ARM.ActiveCfg = Release|ARM
		{5B9816F7-F167-439E-AEDE-0CB0D10FB2DA}.AppStore|ARM.Build.0 = Release|ARM
		{5B9816F7-F167-439E-AEDE-0CB0D10FB2DA}.AppStore|ARM.Deploy.0 = Release|ARM
		{5B9816F7-F167-439E-AEDE-0CB0D10FB2DA}.AppStore|iPhone.ActiveCfg = Release|Any CPU
		{5B9816F7-F167-439E-AEDE-0CB0D10FB2DA}.AppStore|iPhone.Build.0 = Release|Any CPU
		{5B9816F7-F167-439E-AEDE-0CB0D10FB2DA}.AppStore|iPhone.Deploy.0 = Release|Any CPU
		{5B9816F7-F167-439E-AEDE-0CB0D10FB2DA}.AppStore|iPhoneSimulator.ActiveCfg = Release|Any CPU
		{5B9816F7-F167-439E-AEDE-0CB0D10FB2DA}.AppStore|iPhoneSimulator.Build.0 = Release|Any CPU
		{5B9816F7-F167-439E-AEDE-0CB0D10FB2DA}.AppStore|iPhoneSimulator.Deploy.0 = Release|Any CPU
		{5B9816F7-F167-439E-AEDE-0CB0D10FB2DA}.AppStore|x64.ActiveCfg = Release|x64
		{5B9816F7-F167-439E-AEDE-0CB0D10FB2DA}.AppStore|x64.Build.0 = Release|x64
		{5B9816F7-F167-439E-AEDE-0CB0D10FB2DA}.AppStore|x64.Deploy.0 = Release|x64
		{5B9816F7-F167-439E-AEDE-0CB0D10FB2DA}.AppStore|x86.ActiveCfg = Release|x86
		{5B9816F7-F167-439E-AEDE-0CB0D10FB2DA}.AppStore|x86.Build.0 = Release|x86
		{5B9816F7-F167-439E-AEDE-0CB0D10FB2DA}.AppStore|x86.Deploy.0 = Release|x86
		{5B9816F7-F167-439E-AEDE-0CB0D10FB2DA}.Debug|Any CPU.ActiveCfg = Debug|Any CPU
		{5B9816F7-F167-439E-AEDE-0CB0D10FB2DA}.Debug|Any CPU.Build.0 = Debug|Any CPU
		{5B9816F7-F167-439E-AEDE-0CB0D10FB2DA}.Debug|Any CPU.Deploy.0 = Debug|Any CPU
		{5B9816F7-F167-439E-AEDE-0CB0D10FB2DA}.Debug|ARM.ActiveCfg = Debug|ARM
		{5B9816F7-F167-439E-AEDE-0CB0D10FB2DA}.Debug|ARM.Build.0 = Debug|ARM
		{5B9816F7-F167-439E-AEDE-0CB0D10FB2DA}.Debug|ARM.Deploy.0 = Debug|ARM
		{5B9816F7-F167-439E-AEDE-0CB0D10FB2DA}.Debug|iPhone.ActiveCfg = Debug|Any CPU
		{5B9816F7-F167-439E-AEDE-0CB0D10FB2DA}.Debug|iPhone.Build.0 = Debug|Any CPU
		{5B9816F7-F167-439E-AEDE-0CB0D10FB2DA}.Debug|iPhone.Deploy.0 = Debug|Any CPU
		{5B9816F7-F167-439E-AEDE-0CB0D10FB2DA}.Debug|iPhoneSimulator.ActiveCfg = Debug|Any CPU
		{5B9816F7-F167-439E-AEDE-0CB0D10FB2DA}.Debug|iPhoneSimulator.Build.0 = Debug|Any CPU
		{5B9816F7-F167-439E-AEDE-0CB0D10FB2DA}.Debug|iPhoneSimulator.Deploy.0 = Debug|Any CPU
		{5B9816F7-F167-439E-AEDE-0CB0D10FB2DA}.Debug|x64.ActiveCfg = Debug|x64
		{5B9816F7-F167-439E-AEDE-0CB0D10FB2DA}.Debug|x64.Build.0 = Debug|x64
		{5B9816F7-F167-439E-AEDE-0CB0D10FB2DA}.Debug|x64.Deploy.0 = Debug|x64
		{5B9816F7-F167-439E-AEDE-0CB0D10FB2DA}.Debug|x86.ActiveCfg = Debug|x86
		{5B9816F7-F167-439E-AEDE-0CB0D10FB2DA}.Debug|x86.Build.0 = Debug|x86
		{5B9816F7-F167-439E-AEDE-0CB0D10FB2DA}.Debug|x86.Deploy.0 = Debug|x86
		{5B9816F7-F167-439E-AEDE-0CB0D10FB2DA}.Release|Any CPU.ActiveCfg = Release|Any CPU
		{5B9816F7-F167-439E-AEDE-0CB0D10FB2DA}.Release|Any CPU.Build.0 = Release|Any CPU
		{5B9816F7-F167-439E-AEDE-0CB0D10FB2DA}.Release|Any CPU.Deploy.0 = Release|Any CPU
		{5B9816F7-F167-439E-AEDE-0CB0D10FB2DA}.Release|ARM.ActiveCfg = Release|ARM
		{5B9816F7-F167-439E-AEDE-0CB0D10FB2DA}.Release|ARM.Build.0 = Release|ARM
		{5B9816F7-F167-439E-AEDE-0CB0D10FB2DA}.Release|ARM.Deploy.0 = Release|ARM
		{5B9816F7-F167-439E-AEDE-0CB0D10FB2DA}.Release|iPhone.ActiveCfg = Release|Any CPU
		{5B9816F7-F167-439E-AEDE-0CB0D10FB2DA}.Release|iPhone.Build.0 = Release|Any CPU
		{5B9816F7-F167-439E-AEDE-0CB0D10FB2DA}.Release|iPhone.Deploy.0 = Release|Any CPU
		{5B9816F7-F167-439E-AEDE-0CB0D10FB2DA}.Release|iPhoneSimulator.ActiveCfg = Release|Any CPU
		{5B9816F7-F167-439E-AEDE-0CB0D10FB2DA}.Release|iPhoneSimulator.Build.0 = Release|Any CPU
		{5B9816F7-F167-439E-AEDE-0CB0D10FB2DA}.Release|iPhoneSimulator.Deploy.0 = Release|Any CPU
		{5B9816F7-F167-439E-AEDE-0CB0D10FB2DA}.Release|x64.ActiveCfg = Release|x64
		{5B9816F7-F167-439E-AEDE-0CB0D10FB2DA}.Release|x64.Build.0 = Release|x64
		{5B9816F7-F167-439E-AEDE-0CB0D10FB2DA}.Release|x64.Deploy.0 = Release|x64
		{5B9816F7-F167-439E-AEDE-0CB0D10FB2DA}.Release|x86.ActiveCfg = Release|x86
		{5B9816F7-F167-439E-AEDE-0CB0D10FB2DA}.Release|x86.Build.0 = Release|x86
		{5B9816F7-F167-439E-AEDE-0CB0D10FB2DA}.Release|x86.Deploy.0 = Release|x86
	EndGlobalSection
	GlobalSection(SolutionProperties) = preSolution
		HideSolutionNode = FALSE
	EndGlobalSection
EndGlobal
